// !$*UTF8*$!
{
	archiveVersion = 1;
	classes = {
	};
	objectVersion = 55;
	objects = {

/* Begin PBXBuildFile section */
		BE0B0D79278D7C0E00FACDC5 /* DrawingApp.swift in Sources */ = {isa = PBXBuildFile; fileRef = BE0B0D78278D7C0E00FACDC5 /* DrawingApp.swift */; };
		BE0B0D7B278D7C0E00FACDC5 /* ContentView.swift in Sources */ = {isa = PBXBuildFile; fileRef = BE0B0D7A278D7C0E00FACDC5 /* ContentView.swift */; };
		BE0B0D7D278D7C1000FACDC5 /* Assets.xcassets in Resources */ = {isa = PBXBuildFile; fileRef = BE0B0D7C278D7C1000FACDC5 /* Assets.xcassets */; };
		BE0B0D80278D7C1000FACDC5 /* Preview Assets.xcassets in Resources */ = {isa = PBXBuildFile; fileRef = BE0B0D7F278D7C1000FACDC5 /* Preview Assets.xcassets */; };
		BE0B0D8A278D7C1000FACDC5 /* DrawingTests.swift in Sources */ = {isa = PBXBuildFile; fileRef = BE0B0D89278D7C1000FACDC5 /* DrawingTests.swift */; };
		BE0B0D94278D7C1000FACDC5 /* DrawingUITests.swift in Sources */ = {isa = PBXBuildFile; fileRef = BE0B0D93278D7C1000FACDC5 /* DrawingUITests.swift */; };
		BE0B0D96278D7C1000FACDC5 /* DrawingUITestsLaunchTests.swift in Sources */ = {isa = PBXBuildFile; fileRef = BE0B0D95278D7C1000FACDC5 /* DrawingUITestsLaunchTests.swift */; };
		BE0B0DA3278D7C2C00FACDC5 /* HexagonParameters.swift in Sources */ = {isa = PBXBuildFile; fileRef = BE0B0DA2278D7C2C00FACDC5 /* HexagonParameters.swift */; };
		BE0B0DA5278D7C7B00FACDC5 /* BadgeBackground.swift in Sources */ = {isa = PBXBuildFile; fileRef = BE0B0DA4278D7C7B00FACDC5 /* BadgeBackground.swift */; };
		BE0B0DA7278D8AFD00FACDC5 /* AudioPlayerView.swift in Sources */ = {isa = PBXBuildFile; fileRef = BE0B0DA6278D8AFD00FACDC5 /* AudioPlayerView.swift */; };
		BE5D09E82797F36C000708DD /* AudioPlayer.swift in Sources */ = {isa = PBXBuildFile; fileRef = BE5D09E72797F36C000708DD /* AudioPlayer.swift */; };
		BE76BAF12796BA4A00BA70E2 /* AudioProgressBarSlider.swift in Sources */ = {isa = PBXBuildFile; fileRef = BE76BAF02796BA4A00BA70E2 /* AudioProgressBarSlider.swift */; };
		BEE249EF279E6134000CB56C /* PlayPauseLoadingIcon.swift in Sources */ = {isa = PBXBuildFile; fileRef = BEE249EE279E6134000CB56C /* PlayPauseLoadingIcon.swift */; };
/* End PBXBuildFile section */

/* Begin PBXContainerItemProxy section */
		BE0B0D86278D7C1000FACDC5 /* PBXContainerItemProxy */ = {
			isa = PBXContainerItemProxy;
			containerPortal = BE0B0D6D278D7C0E00FACDC5 /* Project object */;
			proxyType = 1;
			remoteGlobalIDString = BE0B0D74278D7C0E00FACDC5;
			remoteInfo = Drawing;
		};
		BE0B0D90278D7C1000FACDC5 /* PBXContainerItemProxy */ = {
			isa = PBXContainerItemProxy;
			containerPortal = BE0B0D6D278D7C0E00FACDC5 /* Project object */;
			proxyType = 1;
			remoteGlobalIDString = BE0B0D74278D7C0E00FACDC5;
			remoteInfo = Drawing;
		};
/* End PBXContainerItemProxy section */

/* Begin PBXFileReference section */
		BE0B0D75278D7C0E00FACDC5 /* Drawing.app */ = {isa = PBXFileReference; explicitFileType = wrapper.application; includeInIndex = 0; path = Drawing.app; sourceTree = BUILT_PRODUCTS_DIR; };
		BE0B0D78278D7C0E00FACDC5 /* DrawingApp.swift */ = {isa = PBXFileReference; lastKnownFileType = sourcecode.swift; path = DrawingApp.swift; sourceTree = "<group>"; };
		BE0B0D7A278D7C0E00FACDC5 /* ContentView.swift */ = {isa = PBXFileReference; lastKnownFileType = sourcecode.swift; path = ContentView.swift; sourceTree = "<group>"; };
		BE0B0D7C278D7C1000FACDC5 /* Assets.xcassets */ = {isa = PBXFileReference; lastKnownFileType = folder.assetcatalog; path = Assets.xcassets; sourceTree = "<group>"; };
		BE0B0D7F278D7C1000FACDC5 /* Preview Assets.xcassets */ = {isa = PBXFileReference; lastKnownFileType = folder.assetcatalog; path = "Preview Assets.xcassets"; sourceTree = "<group>"; };
		BE0B0D85278D7C1000FACDC5 /* DrawingTests.xctest */ = {isa = PBXFileReference; explicitFileType = wrapper.cfbundle; includeInIndex = 0; path = DrawingTests.xctest; sourceTree = BUILT_PRODUCTS_DIR; };
		BE0B0D89278D7C1000FACDC5 /* DrawingTests.swift */ = {isa = PBXFileReference; lastKnownFileType = sourcecode.swift; path = DrawingTests.swift; sourceTree = "<group>"; };
		BE0B0D8F278D7C1000FACDC5 /* DrawingUITests.xctest */ = {isa = PBXFileReference; explicitFileType = wrapper.cfbundle; includeInIndex = 0; path = DrawingUITests.xctest; sourceTree = BUILT_PRODUCTS_DIR; };
		BE0B0D93278D7C1000FACDC5 /* DrawingUITests.swift */ = {isa = PBXFileReference; lastKnownFileType = sourcecode.swift; path = DrawingUITests.swift; sourceTree = "<group>"; };
		BE0B0D95278D7C1000FACDC5 /* DrawingUITestsLaunchTests.swift */ = {isa = PBXFileReference; lastKnownFileType = sourcecode.swift; path = DrawingUITestsLaunchTests.swift; sourceTree = "<group>"; };
		BE0B0DA2278D7C2C00FACDC5 /* HexagonParameters.swift */ = {isa = PBXFileReference; lastKnownFileType = sourcecode.swift; path = HexagonParameters.swift; sourceTree = "<group>"; };
		BE0B0DA4278D7C7B00FACDC5 /* BadgeBackground.swift */ = {isa = PBXFileReference; lastKnownFileType = sourcecode.swift; path = BadgeBackground.swift; sourceTree = "<group>"; };
		BE0B0DA6278D8AFD00FACDC5 /* AudioPlayerView.swift */ = {isa = PBXFileReference; lastKnownFileType = sourcecode.swift; path = AudioPlayerView.swift; sourceTree = "<group>"; };
		BE5D09E72797F36C000708DD /* AudioPlayer.swift */ = {isa = PBXFileReference; lastKnownFileType = sourcecode.swift; path = AudioPlayer.swift; sourceTree = "<group>"; };
		BE76BAF02796BA4A00BA70E2 /* AudioProgressBarSlider.swift */ = {isa = PBXFileReference; lastKnownFileType = sourcecode.swift; path = AudioProgressBarSlider.swift; sourceTree = "<group>"; };
		BEE249EE279E6134000CB56C /* PlayPauseLoadingIcon.swift */ = {isa = PBXFileReference; lastKnownFileType = sourcecode.swift; path = PlayPauseLoadingIcon.swift; sourceTree = "<group>"; };
/* End PBXFileReference section */

/* Begin PBXFrameworksBuildPhase section */
		BE0B0D72278D7C0E00FACDC5 /* Frameworks */ = {
			isa = PBXFrameworksBuildPhase;
			buildActionMask = 2147483647;
			files = (
			);
			runOnlyForDeploymentPostprocessing = 0;
		};
		BE0B0D82278D7C1000FACDC5 /* Frameworks */ = {
			isa = PBXFrameworksBuildPhase;
			buildActionMask = 2147483647;
			files = (
			);
			runOnlyForDeploymentPostprocessing = 0;
		};
		BE0B0D8C278D7C1000FACDC5 /* Frameworks */ = {
			isa = PBXFrameworksBuildPhase;
			buildActionMask = 2147483647;
			files = (
			);
			runOnlyForDeploymentPostprocessing = 0;
		};
/* End PBXFrameworksBuildPhase section */

/* Begin PBXGroup section */
		BE0B0D6C278D7C0E00FACDC5 = {
			isa = PBXGroup;
			children = (
				BE0B0D77278D7C0E00FACDC5 /* Drawing */,
				BE0B0D88278D7C1000FACDC5 /* DrawingTests */,
				BE0B0D92278D7C1000FACDC5 /* DrawingUITests */,
				BE0B0D76278D7C0E00FACDC5 /* Products */,
			);
			sourceTree = "<group>";
		};
		BE0B0D76278D7C0E00FACDC5 /* Products */ = {
			isa = PBXGroup;
			children = (
				BE0B0D75278D7C0E00FACDC5 /* Drawing.app */,
				BE0B0D85278D7C1000FACDC5 /* DrawingTests.xctest */,
				BE0B0D8F278D7C1000FACDC5 /* DrawingUITests.xctest */,
			);
			name = Products;
			sourceTree = "<group>";
		};
		BE0B0D77278D7C0E00FACDC5 /* Drawing */ = {
			isa = PBXGroup;
			children = (
				BE0B0D78278D7C0E00FACDC5 /* DrawingApp.swift */,
				BE0B0D7A278D7C0E00FACDC5 /* ContentView.swift */,
				BE0B0D7C278D7C1000FACDC5 /* Assets.xcassets */,
				BE0B0D7E278D7C1000FACDC5 /* Preview Content */,
				BE0B0DA2278D7C2C00FACDC5 /* HexagonParameters.swift */,
				BE0B0DA4278D7C7B00FACDC5 /* BadgeBackground.swift */,
				BE0B0DA6278D8AFD00FACDC5 /* AudioPlayerView.swift */,
				BE76BAF02796BA4A00BA70E2 /* AudioProgressBarSlider.swift */,
				BE5D09E72797F36C000708DD /* AudioPlayer.swift */,
				BEE249EE279E6134000CB56C /* PlayPauseLoadingIcon.swift */,
			);
			path = Drawing;
			sourceTree = "<group>";
		};
		BE0B0D7E278D7C1000FACDC5 /* Preview Content */ = {
			isa = PBXGroup;
			children = (
				BE0B0D7F278D7C1000FACDC5 /* Preview Assets.xcassets */,
			);
			path = "Preview Content";
			sourceTree = "<group>";
		};
		BE0B0D88278D7C1000FACDC5 /* DrawingTests */ = {
			isa = PBXGroup;
			children = (
				BE0B0D89278D7C1000FACDC5 /* DrawingTests.swift */,
			);
			path = DrawingTests;
			sourceTree = "<group>";
		};
		BE0B0D92278D7C1000FACDC5 /* DrawingUITests */ = {
			isa = PBXGroup;
			children = (
				BE0B0D93278D7C1000FACDC5 /* DrawingUITests.swift */,
				BE0B0D95278D7C1000FACDC5 /* DrawingUITestsLaunchTests.swift */,
			);
			path = DrawingUITests;
			sourceTree = "<group>";
		};
/* End PBXGroup section */

/* Begin PBXNativeTarget section */
		BE0B0D74278D7C0E00FACDC5 /* Drawing */ = {
			isa = PBXNativeTarget;
			buildConfigurationList = BE0B0D99278D7C1000FACDC5 /* Build configuration list for PBXNativeTarget "Drawing" */;
			buildPhases = (
				BE0B0D71278D7C0E00FACDC5 /* Sources */,
				BE0B0D72278D7C0E00FACDC5 /* Frameworks */,
				BE0B0D73278D7C0E00FACDC5 /* Resources */,
			);
			buildRules = (
			);
			dependencies = (
			);
			name = Drawing;
			productName = Drawing;
			productReference = BE0B0D75278D7C0E00FACDC5 /* Drawing.app */;
			productType = "com.apple.product-type.application";
		};
		BE0B0D84278D7C1000FACDC5 /* DrawingTests */ = {
			isa = PBXNativeTarget;
			buildConfigurationList = BE0B0D9C278D7C1000FACDC5 /* Build configuration list for PBXNativeTarget "DrawingTests" */;
			buildPhases = (
				BE0B0D81278D7C1000FACDC5 /* Sources */,
				BE0B0D82278D7C1000FACDC5 /* Frameworks */,
				BE0B0D83278D7C1000FACDC5 /* Resources */,
			);
			buildRules = (
			);
			dependencies = (
				BE0B0D87278D7C1000FACDC5 /* PBXTargetDependency */,
			);
			name = DrawingTests;
			productName = DrawingTests;
			productReference = BE0B0D85278D7C1000FACDC5 /* DrawingTests.xctest */;
			productType = "com.apple.product-type.bundle.unit-test";
		};
		BE0B0D8E278D7C1000FACDC5 /* DrawingUITests */ = {
			isa = PBXNativeTarget;
			buildConfigurationList = BE0B0D9F278D7C1000FACDC5 /* Build configuration list for PBXNativeTarget "DrawingUITests" */;
			buildPhases = (
				BE0B0D8B278D7C1000FACDC5 /* Sources */,
				BE0B0D8C278D7C1000FACDC5 /* Frameworks */,
				BE0B0D8D278D7C1000FACDC5 /* Resources */,
			);
			buildRules = (
			);
			dependencies = (
				BE0B0D91278D7C1000FACDC5 /* PBXTargetDependency */,
			);
			name = DrawingUITests;
			productName = DrawingUITests;
			productReference = BE0B0D8F278D7C1000FACDC5 /* DrawingUITests.xctest */;
			productType = "com.apple.product-type.bundle.ui-testing";
		};
/* End PBXNativeTarget section */

/* Begin PBXProject section */
		BE0B0D6D278D7C0E00FACDC5 /* Project object */ = {
			isa = PBXProject;
			attributes = {
				BuildIndependentTargetsInParallel = 1;
				LastSwiftUpdateCheck = 1320;
				LastUpgradeCheck = 1320;
				TargetAttributes = {
					BE0B0D74278D7C0E00FACDC5 = {
						CreatedOnToolsVersion = 13.2.1;
					};
					BE0B0D84278D7C1000FACDC5 = {
						CreatedOnToolsVersion = 13.2.1;
						TestTargetID = BE0B0D74278D7C0E00FACDC5;
					};
					BE0B0D8E278D7C1000FACDC5 = {
						CreatedOnToolsVersion = 13.2.1;
						TestTargetID = BE0B0D74278D7C0E00FACDC5;
					};
				};
			};
			buildConfigurationList = BE0B0D70278D7C0E00FACDC5 /* Build configuration list for PBXProject "Drawing" */;
			compatibilityVersion = "Xcode 13.0";
			developmentRegion = en;
			hasScannedForEncodings = 0;
			knownRegions = (
				en,
				Base,
			);
			mainGroup = BE0B0D6C278D7C0E00FACDC5;
			productRefGroup = BE0B0D76278D7C0E00FACDC5 /* Products */;
			projectDirPath = "";
			projectRoot = "";
			targets = (
				BE0B0D74278D7C0E00FACDC5 /* Drawing */,
				BE0B0D84278D7C1000FACDC5 /* DrawingTests */,
				BE0B0D8E278D7C1000FACDC5 /* DrawingUITests */,
			);
		};
/* End PBXProject section */

/* Begin PBXResourcesBuildPhase section */
		BE0B0D73278D7C0E00FACDC5 /* Resources */ = {
			isa = PBXResourcesBuildPhase;
			buildActionMask = 2147483647;
			files = (
				BE0B0D80278D7C1000FACDC5 /* Preview Assets.xcassets in Resources */,
				BE0B0D7D278D7C1000FACDC5 /* Assets.xcassets in Resources */,
			);
			runOnlyForDeploymentPostprocessing = 0;
		};
		BE0B0D83278D7C1000FACDC5 /* Resources */ = {
			isa = PBXResourcesBuildPhase;
			buildActionMask = 2147483647;
			files = (
			);
			runOnlyForDeploymentPostprocessing = 0;
		};
		BE0B0D8D278D7C1000FACDC5 /* Resources */ = {
			isa = PBXResourcesBuildPhase;
			buildActionMask = 2147483647;
			files = (
			);
			runOnlyForDeploymentPostprocessing = 0;
		};
/* End PBXResourcesBuildPhase section */

/* Begin PBXSourcesBuildPhase section */
		BE0B0D71278D7C0E00FACDC5 /* Sources */ = {
			isa = PBXSourcesBuildPhase;
			buildActionMask = 2147483647;
			files = (
				BE0B0D7B278D7C0E00FACDC5 /* ContentView.swift in Sources */,
				BE76BAF12796BA4A00BA70E2 /* AudioProgressBarSlider.swift in Sources */,
				BE5D09E82797F36C000708DD /* AudioPlayer.swift in Sources */,
				BEE249EF279E6134000CB56C /* PlayPauseLoadingIcon.swift in Sources */,
				BE0B0DA7278D8AFD00FACDC5 /* AudioPlayerView.swift in Sources */,
				BE0B0DA5278D7C7B00FACDC5 /* BadgeBackground.swift in Sources */,
				BE0B0DA3278D7C2C00FACDC5 /* HexagonParameters.swift in Sources */,
				BE0B0D79278D7C0E00FACDC5 /* DrawingApp.swift in Sources */,
			);
			runOnlyForDeploymentPostprocessing = 0;
		};
		BE0B0D81278D7C1000FACDC5 /* Sources */ = {
			isa = PBXSourcesBuildPhase;
			buildActionMask = 2147483647;
			files = (
				BE0B0D8A278D7C1000FACDC5 /* DrawingTests.swift in Sources */,
			);
			runOnlyForDeploymentPostprocessing = 0;
		};
		BE0B0D8B278D7C1000FACDC5 /* Sources */ = {
			isa = PBXSourcesBuildPhase;
			buildActionMask = 2147483647;
			files = (
				BE0B0D94278D7C1000FACDC5 /* DrawingUITests.swift in Sources */,
				BE0B0D96278D7C1000FACDC5 /* DrawingUITestsLaunchTests.swift in Sources */,
			);
			runOnlyForDeploymentPostprocessing = 0;
		};
/* End PBXSourcesBuildPhase section */

/* Begin PBXTargetDependency section */
		BE0B0D87278D7C1000FACDC5 /* PBXTargetDependency */ = {
			isa = PBXTargetDependency;
			target = BE0B0D74278D7C0E00FACDC5 /* Drawing */;
			targetProxy = BE0B0D86278D7C1000FACDC5 /* PBXContainerItemProxy */;
		};
		BE0B0D91278D7C1000FACDC5 /* PBXTargetDependency */ = {
			isa = PBXTargetDependency;
			target = BE0B0D74278D7C0E00FACDC5 /* Drawing */;
			targetProxy = BE0B0D90278D7C1000FACDC5 /* PBXContainerItemProxy */;
		};
/* End PBXTargetDependency section */

/* Begin XCBuildConfiguration section */
		BE0B0D97278D7C1000FACDC5 /* Debug */ = {
			isa = XCBuildConfiguration;
			buildSettings = {
				ALWAYS_SEARCH_USER_PATHS = NO;
				CLANG_ANALYZER_NONNULL = YES;
				CLANG_ANALYZER_NUMBER_OBJECT_CONVERSION = YES_AGGRESSIVE;
				CLANG_CXX_LANGUAGE_STANDARD = "gnu++17";
				CLANG_CXX_LIBRARY = "libc++";
				CLANG_ENABLE_MODULES = YES;
				CLANG_ENABLE_OBJC_ARC = YES;
				CLANG_ENABLE_OBJC_WEAK = YES;
				CLANG_WARN_BLOCK_CAPTURE_AUTORELEASING = YES;
				CLANG_WARN_BOOL_CONVERSION = YES;
				CLANG_WARN_COMMA = YES;
				CLANG_WARN_CONSTANT_CONVERSION = YES;
				CLANG_WARN_DEPRECATED_OBJC_IMPLEMENTATIONS = YES;
				CLANG_WARN_DIRECT_OBJC_ISA_USAGE = YES_ERROR;
				CLANG_WARN_DOCUMENTATION_COMMENTS = YES;
				CLANG_WARN_EMPTY_BODY = YES;
				CLANG_WARN_ENUM_CONVERSION = YES;
				CLANG_WARN_INFINITE_RECURSION = YES;
				CLANG_WARN_INT_CONVERSION = YES;
				CLANG_WARN_NON_LITERAL_NULL_CONVERSION = YES;
				CLANG_WARN_OBJC_IMPLICIT_RETAIN_SELF = YES;
				CLANG_WARN_OBJC_LITERAL_CONVERSION = YES;
				CLANG_WARN_OBJC_ROOT_CLASS = YES_ERROR;
				CLANG_WARN_QUOTED_INCLUDE_IN_FRAMEWORK_HEADER = YES;
				CLANG_WARN_RANGE_LOOP_ANALYSIS = YES;
				CLANG_WARN_STRICT_PROTOTYPES = YES;
				CLANG_WARN_SUSPICIOUS_MOVE = YES;
				CLANG_WARN_UNGUARDED_AVAILABILITY = YES_AGGRESSIVE;
				CLANG_WARN_UNREACHABLE_CODE = YES;
				CLANG_WARN__DUPLICATE_METHOD_MATCH = YES;
				COPY_PHASE_STRIP = NO;
				DEBUG_INFORMATION_FORMAT = dwarf;
				ENABLE_STRICT_OBJC_MSGSEND = YES;
				ENABLE_TESTABILITY = YES;
				GCC_C_LANGUAGE_STANDARD = gnu11;
				GCC_DYNAMIC_NO_PIC = NO;
				GCC_NO_COMMON_BLOCKS = YES;
				GCC_OPTIMIZATION_LEVEL = 0;
				GCC_PREPROCESSOR_DEFINITIONS = (
					"DEBUG=1",
					"$(inherited)",
				);
				GCC_WARN_64_TO_32_BIT_CONVERSION = YES;
				GCC_WARN_ABOUT_RETURN_TYPE = YES_ERROR;
				GCC_WARN_UNDECLARED_SELECTOR = YES;
				GCC_WARN_UNINITIALIZED_AUTOS = YES_AGGRESSIVE;
				GCC_WARN_UNUSED_FUNCTION = YES;
				GCC_WARN_UNUSED_VARIABLE = YES;
				IPHONEOS_DEPLOYMENT_TARGET = 15.2;
				MTL_ENABLE_DEBUG_INFO = INCLUDE_SOURCE;
				MTL_FAST_MATH = YES;
				ONLY_ACTIVE_ARCH = YES;
				SDKROOT = iphoneos;
				SWIFT_ACTIVE_COMPILATION_CONDITIONS = DEBUG;
				SWIFT_OPTIMIZATION_LEVEL = "-Onone";
			};
			name = Debug;
		};
		BE0B0D98278D7C1000FACDC5 /* Release */ = {
			isa = XCBuildConfiguration;
			buildSettings = {
				ALWAYS_SEARCH_USER_PATHS = NO;
				CLANG_ANALYZER_NONNULL = YES;
				CLANG_ANALYZER_NUMBER_OBJECT_CONVERSION = YES_AGGRESSIVE;
				CLANG_CXX_LANGUAGE_STANDARD = "gnu++17";
				CLANG_CXX_LIBRARY = "libc++";
				CLANG_ENABLE_MODULES = YES;
				CLANG_ENABLE_OBJC_ARC = YES;
				CLANG_ENABLE_OBJC_WEAK = YES;
				CLANG_WARN_BLOCK_CAPTURE_AUTORELEASING = YES;
				CLANG_WARN_BOOL_CONVERSION = YES;
				CLANG_WARN_COMMA = YES;
				CLANG_WARN_CONSTANT_CONVERSION = YES;
				CLANG_WARN_DEPRECATED_OBJC_IMPLEMENTATIONS = YES;
				CLANG_WARN_DIRECT_OBJC_ISA_USAGE = YES_ERROR;
				CLANG_WARN_DOCUMENTATION_COMMENTS = YES;
				CLANG_WARN_EMPTY_BODY = YES;
				CLANG_WARN_ENUM_CONVERSION = YES;
				CLANG_WARN_INFINITE_RECURSION = YES;
				CLANG_WARN_INT_CONVERSION = YES;
				CLANG_WARN_NON_LITERAL_NULL_CONVERSION = YES;
				CLANG_WARN_OBJC_IMPLICIT_RETAIN_SELF = YES;
				CLANG_WARN_OBJC_LITERAL_CONVERSION = YES;
				CLANG_WARN_OBJC_ROOT_CLASS = YES_ERROR;
				CLANG_WARN_QUOTED_INCLUDE_IN_FRAMEWORK_HEADER = YES;
				CLANG_WARN_RANGE_LOOP_ANALYSIS = YES;
				CLANG_WARN_STRICT_PROTOTYPES = YES;
				CLANG_WARN_SUSPICIOUS_MOVE = YES;
				CLANG_WARN_UNGUARDED_AVAILABILITY = YES_AGGRESSIVE;
				CLANG_WARN_UNREACHABLE_CODE = YES;
				CLANG_WARN__DUPLICATE_METHOD_MATCH = YES;
				COPY_PHASE_STRIP = NO;
				DEBUG_INFORMATION_FORMAT = "dwarf-with-dsym";
				ENABLE_NS_ASSERTIONS = NO;
				ENABLE_STRICT_OBJC_MSGSEND = YES;
				GCC_C_LANGUAGE_STANDARD = gnu11;
				GCC_NO_COMMON_BLOCKS = YES;
				GCC_WARN_64_TO_32_BIT_CONVERSION = YES;
				GCC_WARN_ABOUT_RETURN_TYPE = YES_ERROR;
				GCC_WARN_UNDECLARED_SELECTOR = YES;
				GCC_WARN_UNINITIALIZED_AUTOS = YES_AGGRESSIVE;
				GCC_WARN_UNUSED_FUNCTION = YES;
				GCC_WARN_UNUSED_VARIABLE = YES;
				IPHONEOS_DEPLOYMENT_TARGET = 15.2;
				MTL_ENABLE_DEBUG_INFO = NO;
				MTL_FAST_MATH = YES;
				SDKROOT = iphoneos;
				SWIFT_COMPILATION_MODE = wholemodule;
				SWIFT_OPTIMIZATION_LEVEL = "-O";
				VALIDATE_PRODUCT = YES;
			};
			name = Release;
		};
		BE0B0D9A278D7C1000FACDC5 /* Debug */ = {
			isa = XCBuildConfiguration;
			buildSettings = {
				ASSETCATALOG_COMPILER_APPICON_NAME = AppIcon;
				ASSETCATALOG_COMPILER_GLOBAL_ACCENT_COLOR_NAME = AccentColor;
				CODE_SIGN_STYLE = Automatic;
				CURRENT_PROJECT_VERSION = 1;
				DEVELOPMENT_ASSET_PATHS = "\"Drawing/Preview Content\"";
				ENABLE_PREVIEWS = YES;
				GENERATE_INFOPLIST_FILE = YES;
				INFOPLIST_KEY_UIApplicationSceneManifest_Generation = YES;
				INFOPLIST_KEY_UIApplicationSupportsIndirectInputEvents = YES;
				INFOPLIST_KEY_UILaunchScreen_Generation = YES;
				INFOPLIST_KEY_UISupportedInterfaceOrientations_iPad = "UIInterfaceOrientationPortrait UIInterfaceOrientationPortraitUpsideDown UIInterfaceOrientationLandscapeLeft UIInterfaceOrientationLandscapeRight";
				INFOPLIST_KEY_UISupportedInterfaceOrientations_iPhone = "UIInterfaceOrientationPortrait UIInterfaceOrientationLandscapeLeft UIInterfaceOrientationLandscapeRight";
				LD_RUNPATH_SEARCH_PATHS = (
					"$(inherited)",
					"@executable_path/Frameworks",
				);
				MARKETING_VERSION = 1.0;
				PRODUCT_BUNDLE_IDENTIFIER = com.to.Drawing;
				PRODUCT_NAME = "$(TARGET_NAME)";
				SWIFT_EMIT_LOC_STRINGS = YES;
				SWIFT_VERSION = 5.0;
				TARGETED_DEVICE_FAMILY = "1,2";
			};
			name = Debug;
		};
		BE0B0D9B278D7C1000FACDC5 /* Release */ = {
			isa = XCBuildConfiguration;
			buildSettings = {
				ASSETCATALOG_COMPILER_APPICON_NAME = AppIcon;
				ASSETCATALOG_COMPILER_GLOBAL_ACCENT_COLOR_NAME = AccentColor;
				CODE_SIGN_STYLE = Automatic;
				CURRENT_PROJECT_VERSION = 1;
				DEVELOPMENT_ASSET_PATHS = "\"Drawing/Preview Content\"";
				ENABLE_PREVIEWS = YES;
				GENERATE_INFOPLIST_FILE = YES;
				INFOPLIST_KEY_UIApplicationSceneManifest_Generation = YES;
				INFOPLIST_KEY_UIApplicationSupportsIndirectInputEvents = YES;
				INFOPLIST_KEY_UILaunchScreen_Generation = YES;
				INFOPLIST_KEY_UISupportedInterfaceOrientations_iPad = "UIInterfaceOrientationPortrait UIInterfaceOrientationPortraitUpsideDown UIInterfaceOrientationLandscapeLeft UIInterfaceOrientationLandscapeRight";
				INFOPLIST_KEY_UISupportedInterfaceOrientations_iPhone = "UIInterfaceOrientationPortrait UIInterfaceOrientationLandscapeLeft UIInterfaceOrientationLandscapeRight";
				LD_RUNPATH_SEARCH_PATHS = (
					"$(inherited)",
					"@executable_path/Frameworks",
				);
				MARKETING_VERSION = 1.0;
				PRODUCT_BUNDLE_IDENTIFIER = com.to.Drawing;
				PRODUCT_NAME = "$(TARGET_NAME)";
				SWIFT_EMIT_LOC_STRINGS = YES;
				SWIFT_VERSION = 5.0;
				TARGETED_DEVICE_FAMILY = "1,2";
			};
			name = Release;
		};
		BE0B0D9D278D7C1000FACDC5 /* Debug */ = {
			isa = XCBuildConfiguration;
			buildSettings = {
				ALWAYS_EMBED_SWIFT_STANDARD_LIBRARIES = YES;
				BUNDLE_LOADER = "$(TEST_HOST)";
				CODE_SIGN_STYLE = Automatic;
				CURRENT_PROJECT_VERSION = 1;
				GENERATE_INFOPLIST_FILE = YES;
				IPHONEOS_DEPLOYMENT_TARGET = 15.2;
				MARKETING_VERSION = 1.0;
				PRODUCT_BUNDLE_IDENTIFIER = com.to.DrawingTests;
				PRODUCT_NAME = "$(TARGET_NAME)";
				SWIFT_EMIT_LOC_STRINGS = NO;
				SWIFT_VERSION = 5.0;
				TARGETED_DEVICE_FAMILY = "1,2";
				TEST_HOST = "$(BUILT_PRODUCTS_DIR)/Drawing.app/Drawing";
			};
			name = Debug;
		};
		BE0B0D9E278D7C1000FACDC5 /* Release */ = {
			isa = XCBuildConfiguration;
			buildSettings = {
				ALWAYS_EMBED_SWIFT_STANDARD_LIBRARIES = YES;
				BUNDLE_LOADER = "$(TEST_HOST)";
				CODE_SIGN_STYLE = Automatic;
				CURRENT_PROJECT_VERSION = 1;
				GENERATE_INFOPLIST_FILE = YES;
				IPHONEOS_DEPLOYMENT_TARGET = 15.2;
				MARKETING_VERSION = 1.0;
				PRODUCT_BUNDLE_IDENTIFIER = com.to.DrawingTests;
				PRODUCT_NAME = "$(TARGET_NAME)";
				SWIFT_EMIT_LOC_STRINGS = NO;
				SWIFT_VERSION = 5.0;
				TARGETED_DEVICE_FAMILY = "1,2";
				TEST_HOST = "$(BUILT_PRODUCTS_DIR)/Drawing.app/Drawing";
			};
			name = Release;
		};
		BE0B0DA0278D7C1000FACDC5 /* Debug */ = {
			isa = XCBuildConfiguration;
			buildSettings = {
				ALWAYS_EMBED_SWIFT_STANDARD_LIBRARIES = YES;
				CODE_SIGN_STYLE = Automatic;
				CURRENT_PROJECT_VERSION = 1;
				GENERATE_INFOPLIST_FILE = YES;
				MARKETING_VERSION = 1.0;
				PRODUCT_BUNDLE_IDENTIFIER = com.to.DrawingUITests;
				PRODUCT_NAME = "$(TARGET_NAME)";
				SWIFT_EMIT_LOC_STRINGS = NO;
				SWIFT_VERSION = 5.0;
				TARGETED_DEVICE_FAMILY = "1,2";
				TEST_TARGET_NAME = Drawing;
			};
			name = Debug;
		};
		BE0B0DA1278D7C1000FACDC5 /* Release */ = {
			isa = XCBuildConfiguration;
			buildSettings = {
				ALWAYS_EMBED_SWIFT_STANDARD_LIBRARIES = YES;
				CODE_SIGN_STYLE = Automatic;
				CURRENT_PROJECT_VERSION = 1;
				GENERATE_INFOPLIST_FILE = YES;
				MARKETING_VERSION = 1.0;
				PRODUCT_BUNDLE_IDENTIFIER = com.to.DrawingUITests;
				PRODUCT_NAME = "$(TARGET_NAME)";
				SWIFT_EMIT_LOC_STRINGS = NO;
				SWIFT_VERSION = 5.0;
				TARGETED_DEVICE_FAMILY = "1,2";
				TEST_TARGET_NAME = Drawing;
			};
			name = Release;
		};
/* End XCBuildConfiguration section */

/* Begin XCConfigurationList section */
		BE0B0D70278D7C0E00FACDC5 /* Build configuration list for PBXProject "Drawing" */ = {
			isa = XCConfigurationList;
			buildConfigurations = (
				BE0B0D97278D7C1000FACDC5 /* Debug */,
				BE0B0D98278D7C1000FACDC5 /* Release */,
			);
			defaultConfigurationIsVisible = 0;
			defaultConfigurationName = Release;
		};
		BE0B0D99278D7C1000FACDC5 /* Build configuration list for PBXNativeTarget "Drawing" */ = {
			isa = XCConfigurationList;
			buildConfigurations = (
				BE0B0D9A278D7C1000FACDC5 /* Debug */,
				BE0B0D9B278D7C1000FACDC5 /* Release */,
			);
			defaultConfigurationIsVisible = 0;
			defaultConfigurationName = Release;
		};
		BE0B0D9C278D7C1000FACDC5 /* Build configuration list for PBXNativeTarget "DrawingTests" */ = {
			isa = XCConfigurationList;
			buildConfigurations = (
				BE0B0D9D278D7C1000FACDC5 /* Debug */,
				BE0B0D9E278D7C1000FACDC5 /* Release */,
			);
			defaultConfigurationIsVisible = 0;
			defaultConfigurationName = Release;
		};
		BE0B0D9F278D7C1000FACDC5 /* Build configuration list for PBXNativeTarget "DrawingUITests" */ = {
			isa = XCConfigurationList;
			buildConfigurations = (
				BE0B0DA0278D7C1000FACDC5 /* Debug */,
				BE0B0DA1278D7C1000FACDC5 /* Release */,
			);
			defaultConfigurationIsVisible = 0;
			defaultConfigurationName = Release;
		};
/* End XCConfigurationList section */
	};
	rootObject = BE0B0D6D278D7C0E00FACDC5 /* Project object */;
}
